
Microsoft Visual Studio Solution File, Format Version 12.00
# Visual Studio Version 17
VisualStudioVersion = 17.2.32630.192
MinimumVisualStudioVersion = 10.0.40219.1
Project("{FAE04EC0-301F-11D3-BF4B-00C04F79EFBC}") = "PracticeLinq", "PracticeLinq\PracticeLinq.csproj", "{008B0006-E125-4499-840D-D8164EDFD388}"
EndProject
Global
	GlobalSection(SolutionConfigurationPlatforms) = preSolution
		Debug|Any CPU = Debug|Any CPU
		Release|Any CPU = Release|Any CPU
	EndGlobalSection
	GlobalSection(ProjectConfigurationPlatforms) = postSolution
		{008B0006-E125-4499-840D-D8164EDFD388}.Debug|Any CPU.ActiveCfg = Debug|Any CPU
		{008B0006-E125-4499-840D-D8164EDFD388}.Debug|Any CPU.Build.0 = Debug|Any CPU
		{008B0006-E125-4499-840D-D8164EDFD388}.Release|Any CPU.ActiveCfg = Release|Any CPU
		{008B0006-E125-4499-840D-D8164EDFD388}.Release|Any CPU.Build.0 = Release|Any CPU
	EndGlobalSection
	GlobalSection(SolutionProperties) = preSolution
		HideSolutionNode = FALSE
	EndGlobalSection
	GlobalSection(ExtensibilityGlobals) = postSolution
		SolutionGuid = {2E88F1C4-E03A-4FC9-8657-C061B26E1E9C}
	EndGlobalSection
EndGlobal
